
Microsoft Visual Studio Solution File, Format Version 12.00
# Visual Studio Version 17
VisualStudioVersion = 17.10.35027.167
MinimumVisualStudioVersion = 10.0.40219.1
Project("{FAE04EC0-301F-11D3-BF4B-00C04F79EFBC}") = "TrioMiners", "TrioMiners\TrioMiners.csproj", "{1F0FD688-70DE-46A9-911D-20BD93DB1211}"
EndProject
Global
	GlobalSection(SolutionConfigurationPlatforms) = preSolution
		Debug|Any CPU = Debug|Any CPU
		Release|Any CPU = Release|Any CPU
	EndGlobalSection
	GlobalSection(ProjectConfigurationPlatforms) = postSolution
		{1F0FD688-70DE-46A9-911D-20BD93DB1211}.Debug|Any CPU.ActiveCfg = Debug|Any CPU
		{1F0FD688-70DE-46A9-911D-20BD93DB1211}.Debug|Any CPU.Build.0 = Debug|Any CPU
		{1F0FD688-70DE-46A9-911D-20BD93DB1211}.Release|Any CPU.ActiveCfg = Release|Any CPU
		{1F0FD688-70DE-46A9-911D-20BD93DB1211}.Release|Any CPU.Build.0 = Release|Any CPU
	EndGlobalSection
	GlobalSection(SolutionProperties) = preSolution
		HideSolutionNode = FALSE
	EndGlobalSection
	GlobalSection(ExtensibilityGlobals) = postSolution
		SolutionGuid = {010B2E44-6BF6-4814-8BF7-4ACA864392F3}
	EndGlobalSection
EndGlobal
